
Microsoft Visual Studio Solution File, Format Version 12.00
# Visual Studio Version 17
VisualStudioVersion = 17.5.33502.453
MinimumVisualStudioVersion = 10.0.40219.1
Project("{FAE04EC0-301F-11D3-BF4B-00C04F79EFBC}") = "BancoThinkLab1", "BancoThinkLab1\BancoThinkLab1.csproj", "{8B863705-8492-47AC-BE5C-BF13998B0B68}"
EndProject
Global
	GlobalSection(SolutionConfigurationPlatforms) = preSolution
		Debug|Any CPU = Debug|Any CPU
		Release|Any CPU = Release|Any CPU
	EndGlobalSection
	GlobalSection(ProjectConfigurationPlatforms) = postSolution
		{8B863705-8492-47AC-BE5C-BF13998B0B68}.Debug|Any CPU.ActiveCfg = Debug|Any CPU
		{8B863705-8492-47AC-BE5C-BF13998B0B68}.Debug|Any CPU.Build.0 = Debug|Any CPU
		{8B863705-8492-47AC-BE5C-BF13998B0B68}.Release|Any CPU.ActiveCfg = Release|Any CPU
		{8B863705-8492-47AC-BE5C-BF13998B0B68}.Release|Any CPU.Build.0 = Release|Any CPU
	EndGlobalSection
	GlobalSection(SolutionProperties) = preSolution
		HideSolutionNode = FALSE
	EndGlobalSection
	GlobalSection(ExtensibilityGlobals) = postSolution
		SolutionGuid = {FFA47892-B1E3-4DCC-9C3E-E47AA6F3B820}
	EndGlobalSection
EndGlobal
